// !$*UTF8*$!
{
	archiveVersion = 1;
	classes = {
	};
	objectVersion = 46;
	objects = {

/* Begin PBXBuildFile section */
		F6C221921E55598A004A532C /* BusinessPageViewController.swift in Sources */ = {isa = PBXBuildFile; fileRef = F6C221911E55598A004A532C /* BusinessPageViewController.swift */; };
		F6C221941E5559E0004A532C /* BusinessViewController.swift in Sources */ = {isa = PBXBuildFile; fileRef = F6C221931E5559E0004A532C /* BusinessViewController.swift */; };
		F6E6A4521E5632180075FA82 /* house.png in Resources */ = {isa = PBXBuildFile; fileRef = F6E6A4511E5632180075FA82 /* house.png */; };
		FD2928951E51596A0060A544 /* GoogleServices.swift in Sources */ = {isa = PBXBuildFile; fileRef = FD2928941E51596A0060A544 /* GoogleServices.swift */; };
		FD570E0B1E49289E00D8904C /* Constants.swift in Sources */ = {isa = PBXBuildFile; fileRef = FD570E0A1E49289E00D8904C /* Constants.swift */; };
		FDABA83E1E47C56600B817DA /* AppDelegate.swift in Sources */ = {isa = PBXBuildFile; fileRef = FDABA83D1E47C56600B817DA /* AppDelegate.swift */; };
		FDABA8431E47C56600B817DA /* Main.storyboard in Resources */ = {isa = PBXBuildFile; fileRef = FDABA8411E47C56600B817DA /* Main.storyboard */; };
		FDABA8451E47C56600B817DA /* Assets.xcassets in Resources */ = {isa = PBXBuildFile; fileRef = FDABA8441E47C56600B817DA /* Assets.xcassets */; };
		FDABA8481E47C56600B817DA /* LaunchScreen.storyboard in Resources */ = {isa = PBXBuildFile; fileRef = FDABA8461E47C56600B817DA /* LaunchScreen.storyboard */; };
		FDABA8511E47C67400B817DA /* ViewController.swift in Sources */ = {isa = PBXBuildFile; fileRef = FDABA8501E47C67400B817DA /* ViewController.swift */; };
		FDC517331E4D465D00C5D430 /* MapViewController.swift in Sources */ = {isa = PBXBuildFile; fileRef = FDC517321E4D465D00C5D430 /* MapViewController.swift */; };
		FDC5173A1E4D78A200C5D430 /* Business.swift in Sources */ = {isa = PBXBuildFile; fileRef = FDC517391E4D78A200C5D430 /* Business.swift */; };
		FDEA130C1E47FC5100868634 /* Onboarding.storyboard in Resources */ = {isa = PBXBuildFile; fileRef = FDEA130B1E47FC5100868634 /* Onboarding.storyboard */; };
		FDEA130E1E47FCC400868634 /* Login.storyboard in Resources */ = {isa = PBXBuildFile; fileRef = FDEA130D1E47FCC400868634 /* Login.storyboard */; };
		FDEA13101E47FCEF00868634 /* Map.storyboard in Resources */ = {isa = PBXBuildFile; fileRef = FDEA130F1E47FCEF00868634 /* Map.storyboard */; };
/* End PBXBuildFile section */

/* Begin PBXFileReference section */
		0AFDF46628FDC098147D62E9 /* Pods_HB141.framework */ = {isa = PBXFileReference; explicitFileType = wrapper.framework; includeInIndex = 0; path = Pods_HB141.framework; sourceTree = BUILT_PRODUCTS_DIR; };
		580A0D92CCB062954CBF03DF /* Pods-HB141.debug.xcconfig */ = {isa = PBXFileReference; includeInIndex = 1; lastKnownFileType = text.xcconfig; name = "Pods-HB141.debug.xcconfig"; path = "Pods/Target Support Files/Pods-HB141/Pods-HB141.debug.xcconfig"; sourceTree = "<group>"; };
		733550DC9A912989D3AD7D87 /* Pods-HB141.release.xcconfig */ = {isa = PBXFileReference; includeInIndex = 1; lastKnownFileType = text.xcconfig; name = "Pods-HB141.release.xcconfig"; path = "Pods/Target Support Files/Pods-HB141/Pods-HB141.release.xcconfig"; sourceTree = "<group>"; };
		F6C221911E55598A004A532C /* BusinessPageViewController.swift */ = {isa = PBXFileReference; fileEncoding = 4; lastKnownFileType = sourcecode.swift; name = BusinessPageViewController.swift; path = Controllers/BusinessPageViewController.swift; sourceTree = "<group>"; };
		F6C221931E5559E0004A532C /* BusinessViewController.swift */ = {isa = PBXFileReference; fileEncoding = 4; lastKnownFileType = sourcecode.swift; name = BusinessViewController.swift; path = Controllers/BusinessViewController.swift; sourceTree = "<group>"; };
		F6E6A4511E5632180075FA82 /* house.png */ = {isa = PBXFileReference; lastKnownFileType = image.png; path = house.png; sourceTree = SOURCE_ROOT; };
		FD2928941E51596A0060A544 /* GoogleServices.swift */ = {isa = PBXFileReference; fileEncoding = 4; lastKnownFileType = sourcecode.swift; path = GoogleServices.swift; sourceTree = "<group>"; };
		FD570E0A1E49289E00D8904C /* Constants.swift */ = {isa = PBXFileReference; fileEncoding = 4; lastKnownFileType = sourcecode.swift; path = Constants.swift; sourceTree = "<group>"; };
		FDABA83A1E47C56600B817DA /* HB141.app */ = {isa = PBXFileReference; explicitFileType = wrapper.application; includeInIndex = 0; path = HB141.app; sourceTree = BUILT_PRODUCTS_DIR; };
		FDABA83D1E47C56600B817DA /* AppDelegate.swift */ = {isa = PBXFileReference; lastKnownFileType = sourcecode.swift; path = AppDelegate.swift; sourceTree = "<group>"; };
		FDABA8421E47C56600B817DA /* Base */ = {isa = PBXFileReference; lastKnownFileType = file.storyboard; name = Base; path = Base.lproj/Main.storyboard; sourceTree = "<group>"; };
		FDABA8441E47C56600B817DA /* Assets.xcassets */ = {isa = PBXFileReference; lastKnownFileType = folder.assetcatalog; path = Assets.xcassets; sourceTree = "<group>"; };
		FDABA8471E47C56600B817DA /* Base */ = {isa = PBXFileReference; lastKnownFileType = file.storyboard; name = Base; path = Base.lproj/LaunchScreen.storyboard; sourceTree = "<group>"; };
		FDABA8491E47C56600B817DA /* Info.plist */ = {isa = PBXFileReference; lastKnownFileType = text.plist.xml; path = Info.plist; sourceTree = "<group>"; };
		FDABA8501E47C67400B817DA /* ViewController.swift */ = {isa = PBXFileReference; fileEncoding = 4; lastKnownFileType = sourcecode.swift; name = ViewController.swift; path = Controllers/ViewController.swift; sourceTree = "<group>"; };
		FDC517321E4D465D00C5D430 /* MapViewController.swift */ = {isa = PBXFileReference; fileEncoding = 4; lastKnownFileType = sourcecode.swift; name = MapViewController.swift; path = Controllers/MapViewController.swift; sourceTree = "<group>"; };
		FDC517391E4D78A200C5D430 /* Business.swift */ = {isa = PBXFileReference; fileEncoding = 4; lastKnownFileType = sourcecode.swift; name = Business.swift; path = Models/Business.swift; sourceTree = "<group>"; };
		FDEA130B1E47FC5100868634 /* Onboarding.storyboard */ = {isa = PBXFileReference; fileEncoding = 4; lastKnownFileType = file.storyboard; name = Onboarding.storyboard; path = Storyboards/Onboarding.storyboard; sourceTree = "<group>"; };
		FDEA130D1E47FCC400868634 /* Login.storyboard */ = {isa = PBXFileReference; fileEncoding = 4; lastKnownFileType = file.storyboard; name = Login.storyboard; path = Storyboards/Login.storyboard; sourceTree = "<group>"; };
		FDEA130F1E47FCEF00868634 /* Map.storyboard */ = {isa = PBXFileReference; fileEncoding = 4; lastKnownFileType = file.storyboard; path = Map.storyboard; sourceTree = "<group>"; };
/* End PBXFileReference section */

/* Begin PBXFrameworksBuildPhase section */
		FDABA8371E47C56600B817DA /* Frameworks */ = {
			isa = PBXFrameworksBuildPhase;
			buildActionMask = 2147483647;
			files = (
			);
			runOnlyForDeploymentPostprocessing = 0;
		};
/* End PBXFrameworksBuildPhase section */

/* Begin PBXGroup section */
		4CC7D16B68C57684DB2ED8CC /* Frameworks */ = {
			isa = PBXGroup;
			children = (
				0AFDF46628FDC098147D62E9 /* Pods_HB141.framework */,
			);
			name = Frameworks;
			sourceTree = "<group>";
		};
		EC534C28297A7F27C2E9FCEB /* Pods */ = {
			isa = PBXGroup;
			children = (
				580A0D92CCB062954CBF03DF /* Pods-HB141.debug.xcconfig */,
				733550DC9A912989D3AD7D87 /* Pods-HB141.release.xcconfig */,
			);
			name = Pods;
			sourceTree = "<group>";
		};
		FD2928931E5159580060A544 /* Services */ = {
			isa = PBXGroup;
			children = (
				FD2928941E51596A0060A544 /* GoogleServices.swift */,
			);
			name = Services;
			sourceTree = "<group>";
		};
		FDABA8311E47C56600B817DA = {
			isa = PBXGroup;
			children = (
				FDABA83C1E47C56600B817DA /* HB141 */,
				FDABA83B1E47C56600B817DA /* Products */,
				EC534C28297A7F27C2E9FCEB /* Pods */,
				4CC7D16B68C57684DB2ED8CC /* Frameworks */,
			);
			sourceTree = "<group>";
		};
		FDABA83B1E47C56600B817DA /* Products */ = {
			isa = PBXGroup;
			children = (
				FDABA83A1E47C56600B817DA /* HB141.app */,
			);
			name = Products;
			sourceTree = "<group>";
		};
		FDABA83C1E47C56600B817DA /* HB141 */ = {
			isa = PBXGroup;
			children = (
				F6E6A4511E5632180075FA82 /* house.png */,
				FD2928931E5159580060A544 /* Services */,
				FDC517371E4D77E200C5D430 /* Models */,
				FDABA8521E47C6B200B817DA /* Storyboards */,
				FDABA84F1E47C64100B817DA /* Controllers */,
				FDABA83D1E47C56600B817DA /* AppDelegate.swift */,
				FDABA8441E47C56600B817DA /* Assets.xcassets */,
				FDABA8491E47C56600B817DA /* Info.plist */,
				FD570E0A1E49289E00D8904C /* Constants.swift */,
			);
			path = HB141;
			sourceTree = "<group>";
		};
		FDABA84F1E47C64100B817DA /* Controllers */ = {
			isa = PBXGroup;
			children = (
				FDABA8501E47C67400B817DA /* ViewController.swift */,
				FDC517321E4D465D00C5D430 /* MapViewController.swift */,
				F6C221911E55598A004A532C /* BusinessPageViewController.swift */,
				F6C221931E5559E0004A532C /* BusinessViewController.swift */,
			);
			name = Controllers;
			sourceTree = "<group>";
		};
		FDABA8521E47C6B200B817DA /* Storyboards */ = {
			isa = PBXGroup;
			children = (
				FDABA8461E47C56600B817DA /* LaunchScreen.storyboard */,
				FDABA8411E47C56600B817DA /* Main.storyboard */,
				FDEA130B1E47FC5100868634 /* Onboarding.storyboard */,
				FDEA130D1E47FCC400868634 /* Login.storyboard */,
				FDEA130F1E47FCEF00868634 /* Map.storyboard */,
			);
			name = Storyboards;
			sourceTree = "<group>";
		};
		FDC517371E4D77E200C5D430 /* Models */ = {
			isa = PBXGroup;
			children = (
				FDC517391E4D78A200C5D430 /* Business.swift */,
			);
			name = Models;
			sourceTree = "<group>";
		};
/* End PBXGroup section */

/* Begin PBXNativeTarget section */
		FDABA8391E47C56600B817DA /* HB141 */ = {
			isa = PBXNativeTarget;
			buildConfigurationList = FDABA84C1E47C56600B817DA /* Build configuration list for PBXNativeTarget "HB141" */;
			buildPhases = (
				4EA29F1E18512998D695A706 /* [CP] Check Pods Manifest.lock */,
				FDABA8361E47C56600B817DA /* Sources */,
				FDABA8371E47C56600B817DA /* Frameworks */,
				FDABA8381E47C56600B817DA /* Resources */,
				D482DEF4C2E38FE4F51471C7 /* [CP] Embed Pods Frameworks */,
				CE909596B805303BA64F9229 /* [CP] Copy Pods Resources */,
			);
			buildRules = (
			);
			dependencies = (
			);
			name = HB141;
			productName = HB141;
			productReference = FDABA83A1E47C56600B817DA /* HB141.app */;
			productType = "com.apple.product-type.application";
		};
/* End PBXNativeTarget section */

/* Begin PBXProject section */
		FDABA8321E47C56600B817DA /* Project object */ = {
			isa = PBXProject;
			attributes = {
				LastSwiftUpdateCheck = 0810;
				LastUpgradeCheck = 0810;
				ORGANIZATIONNAME = "International Human Trafficking Institute";
				TargetAttributes = {
					FDABA8391E47C56600B817DA = {
						CreatedOnToolsVersion = 8.1;
						ProvisioningStyle = Automatic;
					};
				};
			};
			buildConfigurationList = FDABA8351E47C56600B817DA /* Build configuration list for PBXProject "HB141" */;
			compatibilityVersion = "Xcode 3.2";
			developmentRegion = English;
			hasScannedForEncodings = 0;
			knownRegions = (
				en,
				Base,
			);
			mainGroup = FDABA8311E47C56600B817DA;
			productRefGroup = FDABA83B1E47C56600B817DA /* Products */;
			projectDirPath = "";
			projectRoot = "";
			targets = (
				FDABA8391E47C56600B817DA /* HB141 */,
			);
		};
/* End PBXProject section */

/* Begin PBXResourcesBuildPhase section */
		FDABA8381E47C56600B817DA /* Resources */ = {
			isa = PBXResourcesBuildPhase;
			buildActionMask = 2147483647;
			files = (
				FDABA8481E47C56600B817DA /* LaunchScreen.storyboard in Resources */,
				F6E6A4521E5632180075FA82 /* house.png in Resources */,
				FDABA8451E47C56600B817DA /* Assets.xcassets in Resources */,
				FDABA8431E47C56600B817DA /* Main.storyboard in Resources */,
				FDEA130E1E47FCC400868634 /* Login.storyboard in Resources */,
				FDEA130C1E47FC5100868634 /* Onboarding.storyboard in Resources */,
				FDEA13101E47FCEF00868634 /* Map.storyboard in Resources */,
			);
			runOnlyForDeploymentPostprocessing = 0;
		};
/* End PBXResourcesBuildPhase section */

/* Begin PBXShellScriptBuildPhase section */
		4EA29F1E18512998D695A706 /* [CP] Check Pods Manifest.lock */ = {
			isa = PBXShellScriptBuildPhase;
			buildActionMask = 2147483647;
			files = (
			);
			inputPaths = (
			);
			name = "[CP] Check Pods Manifest.lock";
			outputPaths = (
			);
			runOnlyForDeploymentPostprocessing = 0;
			shellPath = /bin/sh;
			shellScript = "diff \"${PODS_ROOT}/../Podfile.lock\" \"${PODS_ROOT}/Manifest.lock\" > /dev/null\nif [ $? != 0 ] ; then\n    # print error to STDERR\n    echo \"error: The sandbox is not in sync with the Podfile.lock. Run 'pod install' or update your CocoaPods installation.\" >&2\n    exit 1\nfi\n";
			showEnvVarsInLog = 0;
		};
		CE909596B805303BA64F9229 /* [CP] Copy Pods Resources */ = {
			isa = PBXShellScriptBuildPhase;
			buildActionMask = 2147483647;
			files = (
			);
			inputPaths = (
			);
			name = "[CP] Copy Pods Resources";
			outputPaths = (
			);
			runOnlyForDeploymentPostprocessing = 0;
			shellPath = /bin/sh;
			shellScript = "\"${SRCROOT}/Pods/Target Support Files/Pods-HB141/Pods-HB141-resources.sh\"\n";
			showEnvVarsInLog = 0;
		};
		D482DEF4C2E38FE4F51471C7 /* [CP] Embed Pods Frameworks */ = {
			isa = PBXShellScriptBuildPhase;
			buildActionMask = 2147483647;
			files = (
			);
			inputPaths = (
			);
			name = "[CP] Embed Pods Frameworks";
			outputPaths = (
			);
			runOnlyForDeploymentPostprocessing = 0;
			shellPath = /bin/sh;
			shellScript = "\"${SRCROOT}/Pods/Target Support Files/Pods-HB141/Pods-HB141-frameworks.sh\"\n";
			showEnvVarsInLog = 0;
		};
/* End PBXShellScriptBuildPhase section */

/* Begin PBXSourcesBuildPhase section */
		FDABA8361E47C56600B817DA /* Sources */ = {
			isa = PBXSourcesBuildPhase;
			buildActionMask = 2147483647;
			files = (
				FDABA8511E47C67400B817DA /* ViewController.swift in Sources */,
				FDABA83E1E47C56600B817DA /* AppDelegate.swift in Sources */,
				F6C221941E5559E0004A532C /* BusinessViewController.swift in Sources */,
				FD570E0B1E49289E00D8904C /* Constants.swift in Sources */,
				F6C221921E55598A004A532C /* BusinessPageViewController.swift in Sources */,
				FDC5173A1E4D78A200C5D430 /* Business.swift in Sources */,
				FD2928951E51596A0060A544 /* GoogleServices.swift in Sources */,
				FDC517331E4D465D00C5D430 /* MapViewController.swift in Sources */,
			);
			runOnlyForDeploymentPostprocessing = 0;
		};
/* End PBXSourcesBuildPhase section */

/* Begin PBXVariantGroup section */
		FDABA8411E47C56600B817DA /* Main.storyboard */ = {
			isa = PBXVariantGroup;
			children = (
				FDABA8421E47C56600B817DA /* Base */,
			);
			name = Main.storyboard;
			sourceTree = "<group>";
		};
		FDABA8461E47C56600B817DA /* LaunchScreen.storyboard */ = {
			isa = PBXVariantGroup;
			children = (
				FDABA8471E47C56600B817DA /* Base */,
			);
			name = LaunchScreen.storyboard;
			sourceTree = "<group>";
		};
/* End PBXVariantGroup section */

/* Begin XCBuildConfiguration section */
		FDABA84A1E47C56600B817DA /* Debug */ = {
			isa = XCBuildConfiguration;
			buildSettings = {
				ALWAYS_SEARCH_USER_PATHS = NO;
				CLANG_ANALYZER_NONNULL = YES;
				CLANG_CXX_LANGUAGE_STANDARD = "gnu++0x";
				CLANG_CXX_LIBRARY = "libc++";
				CLANG_ENABLE_MODULES = YES;
				CLANG_ENABLE_OBJC_ARC = YES;
				CLANG_WARN_BOOL_CONVERSION = YES;
				CLANG_WARN_CONSTANT_CONVERSION = YES;
				CLANG_WARN_DIRECT_OBJC_ISA_USAGE = YES_ERROR;
				CLANG_WARN_DOCUMENTATION_COMMENTS = YES;
				CLANG_WARN_EMPTY_BODY = YES;
				CLANG_WARN_ENUM_CONVERSION = YES;
				CLANG_WARN_INFINITE_RECURSION = YES;
				CLANG_WARN_INT_CONVERSION = YES;
				CLANG_WARN_OBJC_ROOT_CLASS = YES_ERROR;
				CLANG_WARN_SUSPICIOUS_MOVES = YES;
				CLANG_WARN_UNREACHABLE_CODE = YES;
				CLANG_WARN__DUPLICATE_METHOD_MATCH = YES;
				"CODE_SIGN_IDENTITY[sdk=iphoneos*]" = "iPhone Developer";
				COPY_PHASE_STRIP = NO;
				DEBUG_INFORMATION_FORMAT = dwarf;
				ENABLE_STRICT_OBJC_MSGSEND = YES;
				ENABLE_TESTABILITY = YES;
				GCC_C_LANGUAGE_STANDARD = gnu99;
				GCC_DYNAMIC_NO_PIC = NO;
				GCC_NO_COMMON_BLOCKS = YES;
				GCC_OPTIMIZATION_LEVEL = 0;
				GCC_PREPROCESSOR_DEFINITIONS = (
					"DEBUG=1",
					"$(inherited)",
				);
				GCC_WARN_64_TO_32_BIT_CONVERSION = YES;
				GCC_WARN_ABOUT_RETURN_TYPE = YES_ERROR;
				GCC_WARN_UNDECLARED_SELECTOR = YES;
				GCC_WARN_UNINITIALIZED_AUTOS = YES_AGGRESSIVE;
				GCC_WARN_UNUSED_FUNCTION = YES;
				GCC_WARN_UNUSED_VARIABLE = YES;
				IPHONEOS_DEPLOYMENT_TARGET = 10.1;
				MTL_ENABLE_DEBUG_INFO = YES;
				ONLY_ACTIVE_ARCH = YES;
				SDKROOT = iphoneos;
				SWIFT_ACTIVE_COMPILATION_CONDITIONS = DEBUG;
				SWIFT_OPTIMIZATION_LEVEL = "-Onone";
			};
			name = Debug;
		};
		FDABA84B1E47C56600B817DA /* Release */ = {
			isa = XCBuildConfiguration;
			buildSettings = {
				ALWAYS_SEARCH_USER_PATHS = NO;
				CLANG_ANALYZER_NONNULL = YES;
				CLANG_CXX_LANGUAGE_STANDARD = "gnu++0x";
				CLANG_CXX_LIBRARY = "libc++";
				CLANG_ENABLE_MODULES = YES;
				CLANG_ENABLE_OBJC_ARC = YES;
				CLANG_WARN_BOOL_CONVERSION = YES;
				CLANG_WARN_CONSTANT_CONVERSION = YES;
				CLANG_WARN_DIRECT_OBJC_ISA_USAGE = YES_ERROR;
				CLANG_WARN_DOCUMENTATION_COMMENTS = YES;
				CLANG_WARN_EMPTY_BODY = YES;
				CLANG_WARN_ENUM_CONVERSION = YES;
				CLANG_WARN_INFINITE_RECURSION = YES;
				CLANG_WARN_INT_CONVERSION = YES;
				CLANG_WARN_OBJC_ROOT_CLASS = YES_ERROR;
				CLANG_WARN_SUSPICIOUS_MOVES = YES;
				CLANG_WARN_UNREACHABLE_CODE = YES;
				CLANG_WARN__DUPLICATE_METHOD_MATCH = YES;
				"CODE_SIGN_IDENTITY[sdk=iphoneos*]" = "iPhone Developer";
				COPY_PHASE_STRIP = NO;
				DEBUG_INFORMATION_FORMAT = "dwarf-with-dsym";
				ENABLE_NS_ASSERTIONS = NO;
				ENABLE_STRICT_OBJC_MSGSEND = YES;
				GCC_C_LANGUAGE_STANDARD = gnu99;
				GCC_NO_COMMON_BLOCKS = YES;
				GCC_WARN_64_TO_32_BIT_CONVERSION = YES;
				GCC_WARN_ABOUT_RETURN_TYPE = YES_ERROR;
				GCC_WARN_UNDECLARED_SELECTOR = YES;
				GCC_WARN_UNINITIALIZED_AUTOS = YES_AGGRESSIVE;
				GCC_WARN_UNUSED_FUNCTION = YES;
				GCC_WARN_UNUSED_VARIABLE = YES;
				IPHONEOS_DEPLOYMENT_TARGET = 10.1;
				MTL_ENABLE_DEBUG_INFO = NO;
				SDKROOT = iphoneos;
				SWIFT_OPTIMIZATION_LEVEL = "-Owholemodule";
				VALIDATE_PRODUCT = YES;
			};
			name = Release;
		};
		FDABA84D1E47C56600B817DA /* Debug */ = {
			isa = XCBuildConfiguration;
			baseConfigurationReference = 580A0D92CCB062954CBF03DF /* Pods-HB141.debug.xcconfig */;
			buildSettings = {
				ASSETCATALOG_COMPILER_APPICON_NAME = AppIcon;
				INFOPLIST_FILE = HB141/Info.plist;
				LD_RUNPATH_SEARCH_PATHS = "$(inherited) @executable_path/Frameworks";
				PRODUCT_BUNDLE_IDENTIFIER = org.theihti.HB141;
				PRODUCT_NAME = "$(TARGET_NAME)";
				SWIFT_VERSION = 3.0;
			};
			name = Debug;
		};
		FDABA84E1E47C56600B817DA /* Release */ = {
			isa = XCBuildConfiguration;
			baseConfigurationReference = 733550DC9A912989D3AD7D87 /* Pods-HB141.release.xcconfig */;
			buildSettings = {
				ASSETCATALOG_COMPILER_APPICON_NAME = AppIcon;
				INFOPLIST_FILE = HB141/Info.plist;
				LD_RUNPATH_SEARCH_PATHS = "$(inherited) @executable_path/Frameworks";
				PRODUCT_BUNDLE_IDENTIFIER = org.theihti.HB141;
				PRODUCT_NAME = "$(TARGET_NAME)";
				SWIFT_VERSION = 3.0;
			};
			name = Release;
		};
/* End XCBuildConfiguration section */

/* Begin XCConfigurationList section */
		FDABA8351E47C56600B817DA /* Build configuration list for PBXProject "HB141" */ = {
			isa = XCConfigurationList;
			buildConfigurations = (
				FDABA84A1E47C56600B817DA /* Debug */,
				FDABA84B1E47C56600B817DA /* Release */,
			);
			defaultConfigurationIsVisible = 0;
			defaultConfigurationName = Release;
		};
		FDABA84C1E47C56600B817DA /* Build configuration list for PBXNativeTarget "HB141" */ = {
			isa = XCConfigurationList;
			buildConfigurations = (
				FDABA84D1E47C56600B817DA /* Debug */,
				FDABA84E1E47C56600B817DA /* Release */,
			);
			defaultConfigurationIsVisible = 0;
			defaultConfigurationName = Release;
		};
/* End XCConfigurationList section */
	};
	rootObject = FDABA8321E47C56600B817DA /* Project object */;
}
